
Microsoft Visual Studio Solution File, Format Version 12.00
# Visual Studio Version 17
VisualStudioVersion = 17.9.34728.123
MinimumVisualStudioVersion = 10.0.40219.1
Project("{FAE04EC0-301F-11D3-BF4B-00C04F79EFBC}") = "PROG7311-PART2-AgriEnergyConnect", "PROG7311-PART2-AgriEnergyConnect.csproj", "{232565E2-209A-46DE-8611-7F0AF05D804A}"
EndProject
Global
	GlobalSection(SolutionConfigurationPlatforms) = preSolution
		Debug|Any CPU = Debug|Any CPU
		Release|Any CPU = Release|Any CPU
	EndGlobalSection
	GlobalSection(ProjectConfigurationPlatforms) = postSolution
		{232565E2-209A-46DE-8611-7F0AF05D804A}.Debug|Any CPU.ActiveCfg = Debug|Any CPU
		{232565E2-209A-46DE-8611-7F0AF05D804A}.Debug|Any CPU.Build.0 = Debug|Any CPU
		{232565E2-209A-46DE-8611-7F0AF05D804A}.Release|Any CPU.ActiveCfg = Release|Any CPU
		{232565E2-209A-46DE-8611-7F0AF05D804A}.Release|Any CPU.Build.0 = Release|Any CPU
	EndGlobalSection
	GlobalSection(SolutionProperties) = preSolution
		HideSolutionNode = FALSE
	EndGlobalSection
	GlobalSection(ExtensibilityGlobals) = postSolution
		SolutionGuid = {7EA35AD7-8851-4087-9F64-64D685DEA178}
	EndGlobalSection
EndGlobal
